
Microsoft Visual Studio Solution File, Format Version 12.00
# Visual Studio Version 16
VisualStudioVersion = 16.0.29418.71
MinimumVisualStudioVersion = 10.0.40219.1
Project("{FAE04EC0-301F-11D3-BF4B-00C04F79EFBC}") = "Module9Project", "Module9Project\Module9Project.csproj", "{6DC8E364-CA55-47BE-8285-CA90525D9828}"
EndProject
Global
	GlobalSection(SolutionConfigurationPlatforms) = preSolution
		Debug|Any CPU = Debug|Any CPU
		Release|Any CPU = Release|Any CPU
	EndGlobalSection
	GlobalSection(ProjectConfigurationPlatforms) = postSolution
		{6DC8E364-CA55-47BE-8285-CA90525D9828}.Debug|Any CPU.ActiveCfg = Debug|Any CPU
		{6DC8E364-CA55-47BE-8285-CA90525D9828}.Debug|Any CPU.Build.0 = Debug|Any CPU
		{6DC8E364-CA55-47BE-8285-CA90525D9828}.Release|Any CPU.ActiveCfg = Release|Any CPU
		{6DC8E364-CA55-47BE-8285-CA90525D9828}.Release|Any CPU.Build.0 = Release|Any CPU
	EndGlobalSection
	GlobalSection(SolutionProperties) = preSolution
		HideSolutionNode = FALSE
	EndGlobalSection
	GlobalSection(ExtensibilityGlobals) = postSolution
		SolutionGuid = {94800742-83BE-4BF6-B637-C5A3B057352A}
	EndGlobalSection
EndGlobal
